// !$*UTF8*$!
{
	archiveVersion = 1;
	classes = {
	};
	objectVersion = 55;
	objects = {

/* Begin PBXBuildFile section */
		84A0ACF428D1CE6300BA61B5 /* UserKey.swift in Sources */ = {isa = PBXBuildFile; fileRef = 84A0ACF328D1CE6300BA61B5 /* UserKey.swift */; };
		E26C98B128D0F703000DBB72 /* AppDelegate.swift in Sources */ = {isa = PBXBuildFile; fileRef = E26C98B028D0F703000DBB72 /* AppDelegate.swift */; };
		E26C98B328D0F703000DBB72 /* SceneDelegate.swift in Sources */ = {isa = PBXBuildFile; fileRef = E26C98B228D0F703000DBB72 /* SceneDelegate.swift */; };
		E26C98B528D0F703000DBB72 /* ListFruiltViewController.swift in Sources */ = {isa = PBXBuildFile; fileRef = E26C98B428D0F703000DBB72 /* ListFruiltViewController.swift */; };
		E26C98B828D0F703000DBB72 /* Main.storyboard in Resources */ = {isa = PBXBuildFile; fileRef = E26C98B628D0F703000DBB72 /* Main.storyboard */; };
		E26C98BA28D0F70A000DBB72 /* Assets.xcassets in Resources */ = {isa = PBXBuildFile; fileRef = E26C98B928D0F70A000DBB72 /* Assets.xcassets */; };
		E26C98BD28D0F70A000DBB72 /* LaunchScreen.storyboard in Resources */ = {isa = PBXBuildFile; fileRef = E26C98BB28D0F70A000DBB72 /* LaunchScreen.storyboard */; };
		E26C98C528D0F74C000DBB72 /* ListFruitCell.swift in Sources */ = {isa = PBXBuildFile; fileRef = E26C98C428D0F74C000DBB72 /* ListFruitCell.swift */; };
		E26C98C728D0F776000DBB72 /* Data.swift in Sources */ = {isa = PBXBuildFile; fileRef = E26C98C628D0F776000DBB72 /* Data.swift */; };
		E26C98C928D0F788000DBB72 /* ListFruiltPresenter.swift in Sources */ = {isa = PBXBuildFile; fileRef = E26C98C828D0F787000DBB72 /* ListFruiltPresenter.swift */; };
		E26C98CB28D0F795000DBB72 /* AddnewFruiltPresenter.swift in Sources */ = {isa = PBXBuildFile; fileRef = E26C98CA28D0F795000DBB72 /* AddnewFruiltPresenter.swift */; };
		E26C98CD28D0F79F000DBB72 /* AddNewFruiltViewController.swift in Sources */ = {isa = PBXBuildFile; fileRef = E26C98CC28D0F79E000DBB72 /* AddNewFruiltViewController.swift */; };
		E26C98CF28D0F9BF000DBB72 /* EditFruiltPresenter.swift in Sources */ = {isa = PBXBuildFile; fileRef = E26C98CE28D0F9BE000DBB72 /* EditFruiltPresenter.swift */; };
		E26C98D128D0F9CB000DBB72 /* EditFruiltViewController.swift in Sources */ = {isa = PBXBuildFile; fileRef = E26C98D028D0F9CA000DBB72 /* EditFruiltViewController.swift */; };
/* End PBXBuildFile section */

/* Begin PBXFileReference section */
		84A0ACF328D1CE6300BA61B5 /* UserKey.swift */ = {isa = PBXFileReference; lastKnownFileType = sourcecode.swift; path = UserKey.swift; sourceTree = "<group>"; };
		E26C98AD28D0F702000DBB72 /* Fruilt.app */ = {isa = PBXFileReference; explicitFileType = wrapper.application; includeInIndex = 0; path = Fruilt.app; sourceTree = BUILT_PRODUCTS_DIR; };
		E26C98B028D0F703000DBB72 /* AppDelegate.swift */ = {isa = PBXFileReference; lastKnownFileType = sourcecode.swift; path = AppDelegate.swift; sourceTree = "<group>"; };
		E26C98B228D0F703000DBB72 /* SceneDelegate.swift */ = {isa = PBXFileReference; lastKnownFileType = sourcecode.swift; path = SceneDelegate.swift; sourceTree = "<group>"; };
		E26C98B428D0F703000DBB72 /* ListFruiltViewController.swift */ = {isa = PBXFileReference; lastKnownFileType = sourcecode.swift; path = ListFruiltViewController.swift; sourceTree = "<group>"; };
		E26C98B728D0F703000DBB72 /* Base */ = {isa = PBXFileReference; lastKnownFileType = file.storyboard; name = Base; path = Base.lproj/Main.storyboard; sourceTree = "<group>"; };
		E26C98B928D0F70A000DBB72 /* Assets.xcassets */ = {isa = PBXFileReference; lastKnownFileType = folder.assetcatalog; path = Assets.xcassets; sourceTree = "<group>"; };
		E26C98BC28D0F70A000DBB72 /* Base */ = {isa = PBXFileReference; lastKnownFileType = file.storyboard; name = Base; path = Base.lproj/LaunchScreen.storyboard; sourceTree = "<group>"; };
		E26C98BE28D0F70A000DBB72 /* Info.plist */ = {isa = PBXFileReference; lastKnownFileType = text.plist.xml; path = Info.plist; sourceTree = "<group>"; };
		E26C98C428D0F74C000DBB72 /* ListFruitCell.swift */ = {isa = PBXFileReference; fileEncoding = 4; lastKnownFileType = sourcecode.swift; path = ListFruitCell.swift; sourceTree = "<group>"; };
		E26C98C628D0F776000DBB72 /* Data.swift */ = {isa = PBXFileReference; fileEncoding = 4; lastKnownFileType = sourcecode.swift; path = Data.swift; sourceTree = "<group>"; };
		E26C98C828D0F787000DBB72 /* ListFruiltPresenter.swift */ = {isa = PBXFileReference; fileEncoding = 4; lastKnownFileType = sourcecode.swift; path = ListFruiltPresenter.swift; sourceTree = "<group>"; };
		E26C98CA28D0F795000DBB72 /* AddnewFruiltPresenter.swift */ = {isa = PBXFileReference; fileEncoding = 4; lastKnownFileType = sourcecode.swift; path = AddnewFruiltPresenter.swift; sourceTree = "<group>"; };
		E26C98CC28D0F79E000DBB72 /* AddNewFruiltViewController.swift */ = {isa = PBXFileReference; fileEncoding = 4; lastKnownFileType = sourcecode.swift; path = AddNewFruiltViewController.swift; sourceTree = "<group>"; };
		E26C98CE28D0F9BE000DBB72 /* EditFruiltPresenter.swift */ = {isa = PBXFileReference; fileEncoding = 4; lastKnownFileType = sourcecode.swift; path = EditFruiltPresenter.swift; sourceTree = "<group>"; };
		E26C98D028D0F9CA000DBB72 /* EditFruiltViewController.swift */ = {isa = PBXFileReference; fileEncoding = 4; lastKnownFileType = sourcecode.swift; path = EditFruiltViewController.swift; sourceTree = "<group>"; };
/* End PBXFileReference section */

/* Begin PBXFrameworksBuildPhase section */
		E26C98AA28D0F702000DBB72 /* Frameworks */ = {
			isa = PBXFrameworksBuildPhase;
			buildActionMask = 2147483647;
			files = (
			);
			runOnlyForDeploymentPostprocessing = 0;
		};
/* End PBXFrameworksBuildPhase section */

/* Begin PBXGroup section */
		E26C98A428D0F702000DBB72 = {
			isa = PBXGroup;
			children = (
				E26C98AF28D0F702000DBB72 /* Fruilt */,
				E26C98AE28D0F702000DBB72 /* Products */,
			);
			sourceTree = "<group>";
		};
		E26C98AE28D0F702000DBB72 /* Products */ = {
			isa = PBXGroup;
			children = (
				E26C98AD28D0F702000DBB72 /* Fruilt.app */,
			);
			name = Products;
			sourceTree = "<group>";
		};
		E26C98AF28D0F702000DBB72 /* Fruilt */ = {
			isa = PBXGroup;
			children = (
				E26C98D328D0FD12000DBB72 /* AddNewFruilt */,
				E26C98D228D0FCAD000DBB72 /* EditFruilt */,
				E26C98C828D0F787000DBB72 /* ListFruiltPresenter.swift */,
				E26C98CA28D0F795000DBB72 /* AddnewFruiltPresenter.swift */,
				E26C98CC28D0F79E000DBB72 /* AddNewFruiltViewController.swift */,
				E26C98B028D0F703000DBB72 /* AppDelegate.swift */,
				E26C98B228D0F703000DBB72 /* SceneDelegate.swift */,
				E26C98B428D0F703000DBB72 /* ListFruiltViewController.swift */,
				E26C98C628D0F776000DBB72 /* Data.swift */,
				E26C98C428D0F74C000DBB72 /* ListFruitCell.swift */,
				E26C98B628D0F703000DBB72 /* Main.storyboard */,
				E26C98B928D0F70A000DBB72 /* Assets.xcassets */,
				E26C98BB28D0F70A000DBB72 /* LaunchScreen.storyboard */,
				E26C98BE28D0F70A000DBB72 /* Info.plist */,
				84A0ACF328D1CE6300BA61B5 /* UserKey.swift */,
			);
			path = Fruilt;
			sourceTree = "<group>";
		};
		E26C98D228D0FCAD000DBB72 /* EditFruilt */ = {
			isa = PBXGroup;
			children = (
				E26C98CE28D0F9BE000DBB72 /* EditFruiltPresenter.swift */,
				E26C98D028D0F9CA000DBB72 /* EditFruiltViewController.swift */,
			);
			path = EditFruilt;
			sourceTree = "<group>";
		};
		E26C98D328D0FD12000DBB72 /* AddNewFruilt */ = {
			isa = PBXGroup;
			children = (
			);
			path = AddNewFruilt;
			sourceTree = "<group>";
		};
/* End PBXGroup section */

/* Begin PBXNativeTarget section */
		E26C98AC28D0F702000DBB72 /* Fruilt */ = {
			isa = PBXNativeTarget;
			buildConfigurationList = E26C98C128D0F70A000DBB72 /* Build configuration list for PBXNativeTarget "Fruilt" */;
			buildPhases = (
				E26C98A928D0F702000DBB72 /* Sources */,
				E26C98AA28D0F702000DBB72 /* Frameworks */,
				E26C98AB28D0F702000DBB72 /* Resources */,
			);
			buildRules = (
			);
			dependencies = (
			);
			name = Fruilt;
			productName = Fruilt;
			productReference = E26C98AD28D0F702000DBB72 /* Fruilt.app */;
			productType = "com.apple.product-type.application";
		};
/* End PBXNativeTarget section */

/* Begin PBXProject section */
		E26C98A528D0F702000DBB72 /* Project object */ = {
			isa = PBXProject;
			attributes = {
				BuildIndependentTargetsInParallel = 1;
				LastSwiftUpdateCheck = 1340;
				LastUpgradeCheck = 1340;
				TargetAttributes = {
					E26C98AC28D0F702000DBB72 = {
						CreatedOnToolsVersion = 13.4.1;
					};
				};
			};
			buildConfigurationList = E26C98A828D0F702000DBB72 /* Build configuration list for PBXProject "Fruilt" */;
			compatibilityVersion = "Xcode 13.0";
			developmentRegion = en;
			hasScannedForEncodings = 0;
			knownRegions = (
				en,
				Base,
			);
			mainGroup = E26C98A428D0F702000DBB72;
			productRefGroup = E26C98AE28D0F702000DBB72 /* Products */;
			projectDirPath = "";
			projectRoot = "";
			targets = (
				E26C98AC28D0F702000DBB72 /* Fruilt */,
			);
		};
/* End PBXProject section */

/* Begin PBXResourcesBuildPhase section */
		E26C98AB28D0F702000DBB72 /* Resources */ = {
			isa = PBXResourcesBuildPhase;
			buildActionMask = 2147483647;
			files = (
				E26C98BD28D0F70A000DBB72 /* LaunchScreen.storyboard in Resources */,
				E26C98BA28D0F70A000DBB72 /* Assets.xcassets in Resources */,
				E26C98B828D0F703000DBB72 /* Main.storyboard in Resources */,
			);
			runOnlyForDeploymentPostprocessing = 0;
		};
/* End PBXResourcesBuildPhase section */

/* Begin PBXSourcesBuildPhase section */
		E26C98A928D0F702000DBB72 /* Sources */ = {
			isa = PBXSourcesBuildPhase;
			buildActionMask = 2147483647;
			files = (
				E26C98CF28D0F9BF000DBB72 /* EditFruiltPresenter.swift in Sources */,
				84A0ACF428D1CE6300BA61B5 /* UserKey.swift in Sources */,
				E26C98C928D0F788000DBB72 /* ListFruiltPresenter.swift in Sources */,
				E26C98C528D0F74C000DBB72 /* ListFruitCell.swift in Sources */,
				E26C98C728D0F776000DBB72 /* Data.swift in Sources */,
				E26C98B528D0F703000DBB72 /* ListFruiltViewController.swift in Sources */,
				E26C98CB28D0F795000DBB72 /* AddnewFruiltPresenter.swift in Sources */,
				E26C98D128D0F9CB000DBB72 /* EditFruiltViewController.swift in Sources */,
				E26C98B128D0F703000DBB72 /* AppDelegate.swift in Sources */,
				E26C98CD28D0F79F000DBB72 /* AddNewFruiltViewController.swift in Sources */,
				E26C98B328D0F703000DBB72 /* SceneDelegate.swift in Sources */,
			);
			runOnlyForDeploymentPostprocessing = 0;
		};
/* End PBXSourcesBuildPhase section */

/* Begin PBXVariantGroup section */
		E26C98B628D0F703000DBB72 /* Main.storyboard */ = {
			isa = PBXVariantGroup;
			children = (
				E26C98B728D0F703000DBB72 /* Base */,
			);
			name = Main.storyboard;
			sourceTree = "<group>";
		};
		E26C98BB28D0F70A000DBB72 /* LaunchScreen.storyboard */ = {
			isa = PBXVariantGroup;
			children = (
				E26C98BC28D0F70A000DBB72 /* Base */,
			);
			name = LaunchScreen.storyboard;
			sourceTree = "<group>";
		};
/* End PBXVariantGroup section */

/* Begin XCBuildConfiguration section */
		E26C98BF28D0F70A000DBB72 /* Debug */ = {
			isa = XCBuildConfiguration;
			buildSettings = {
				ALWAYS_SEARCH_USER_PATHS = NO;
				CLANG_ANALYZER_NONNULL = YES;
				CLANG_ANALYZER_NUMBER_OBJECT_CONVERSION = YES_AGGRESSIVE;
				CLANG_CXX_LANGUAGE_STANDARD = "gnu++17";
				CLANG_ENABLE_MODULES = YES;
				CLANG_ENABLE_OBJC_ARC = YES;
				CLANG_ENABLE_OBJC_WEAK = YES;
				CLANG_WARN_BLOCK_CAPTURE_AUTORELEASING = YES;
				CLANG_WARN_BOOL_CONVERSION = YES;
				CLANG_WARN_COMMA = YES;
				CLANG_WARN_CONSTANT_CONVERSION = YES;
				CLANG_WARN_DEPRECATED_OBJC_IMPLEMENTATIONS = YES;
				CLANG_WARN_DIRECT_OBJC_ISA_USAGE = YES_ERROR;
				CLANG_WARN_DOCUMENTATION_COMMENTS = YES;
				CLANG_WARN_EMPTY_BODY = YES;
				CLANG_WARN_ENUM_CONVERSION = YES;
				CLANG_WARN_INFINITE_RECURSION = YES;
				CLANG_WARN_INT_CONVERSION = YES;
				CLANG_WARN_NON_LITERAL_NULL_CONVERSION = YES;
				CLANG_WARN_OBJC_IMPLICIT_RETAIN_SELF = YES;
				CLANG_WARN_OBJC_LITERAL_CONVERSION = YES;
				CLANG_WARN_OBJC_ROOT_CLASS = YES_ERROR;
				CLANG_WARN_QUOTED_INCLUDE_IN_FRAMEWORK_HEADER = YES;
				CLANG_WARN_RANGE_LOOP_ANALYSIS = YES;
				CLANG_WARN_STRICT_PROTOTYPES = YES;
				CLANG_WARN_SUSPICIOUS_MOVE = YES;
				CLANG_WARN_UNGUARDED_AVAILABILITY = YES_AGGRESSIVE;
				CLANG_WARN_UNREACHABLE_CODE = YES;
				CLANG_WARN__DUPLICATE_METHOD_MATCH = YES;
				COPY_PHASE_STRIP = NO;
				DEBUG_INFORMATION_FORMAT = dwarf;
				ENABLE_STRICT_OBJC_MSGSEND = YES;
				ENABLE_TESTABILITY = YES;
				GCC_C_LANGUAGE_STANDARD = gnu11;
				GCC_DYNAMIC_NO_PIC = NO;
				GCC_NO_COMMON_BLOCKS = YES;
				GCC_OPTIMIZATION_LEVEL = 0;
				GCC_PREPROCESSOR_DEFINITIONS = (
					"DEBUG=1",
					"$(inherited)",
				);
				GCC_WARN_64_TO_32_BIT_CONVERSION = YES;
				GCC_WARN_ABOUT_RETURN_TYPE = YES_ERROR;
				GCC_WARN_UNDECLARED_SELECTOR = YES;
				GCC_WARN_UNINITIALIZED_AUTOS = YES_AGGRESSIVE;
				GCC_WARN_UNUSED_FUNCTION = YES;
				GCC_WARN_UNUSED_VARIABLE = YES;
				IPHONEOS_DEPLOYMENT_TARGET = 15.5;
				MTL_ENABLE_DEBUG_INFO = INCLUDE_SOURCE;
				MTL_FAST_MATH = YES;
				ONLY_ACTIVE_ARCH = YES;
				SDKROOT = iphoneos;
				SWIFT_ACTIVE_COMPILATION_CONDITIONS = DEBUG;
				SWIFT_OPTIMIZATION_LEVEL = "-Onone";
			};
			name = Debug;
		};
		E26C98C028D0F70A000DBB72 /* Release */ = {
			isa = XCBuildConfiguration;
			buildSettings = {
				ALWAYS_SEARCH_USER_PATHS = NO;
				CLANG_ANALYZER_NONNULL = YES;
				CLANG_ANALYZER_NUMBER_OBJECT_CONVERSION = YES_AGGRESSIVE;
				CLANG_CXX_LANGUAGE_STANDARD = "gnu++17";
				CLANG_ENABLE_MODULES = YES;
				CLANG_ENABLE_OBJC_ARC = YES;
				CLANG_ENABLE_OBJC_WEAK = YES;
				CLANG_WARN_BLOCK_CAPTURE_AUTORELEASING = YES;
				CLANG_WARN_BOOL_CONVERSION = YES;
				CLANG_WARN_COMMA = YES;
				CLANG_WARN_CONSTANT_CONVERSION = YES;
				CLANG_WARN_DEPRECATED_OBJC_IMPLEMENTATIONS = YES;
				CLANG_WARN_DIRECT_OBJC_ISA_USAGE = YES_ERROR;
				CLANG_WARN_DOCUMENTATION_COMMENTS = YES;
				CLANG_WARN_EMPTY_BODY = YES;
				CLANG_WARN_ENUM_CONVERSION = YES;
				CLANG_WARN_INFINITE_RECURSION = YES;
				CLANG_WARN_INT_CONVERSION = YES;
				CLANG_WARN_NON_LITERAL_NULL_CONVERSION = YES;
				CLANG_WARN_OBJC_IMPLICIT_RETAIN_SELF = YES;
				CLANG_WARN_OBJC_LITERAL_CONVERSION = YES;
				CLANG_WARN_OBJC_ROOT_CLASS = YES_ERROR;
				CLANG_WARN_QUOTED_INCLUDE_IN_FRAMEWORK_HEADER = YES;
				CLANG_WARN_RANGE_LOOP_ANALYSIS = YES;
				CLANG_WARN_STRICT_PROTOTYPES = YES;
				CLANG_WARN_SUSPICIOUS_MOVE = YES;
				CLANG_WARN_UNGUARDED_AVAILABILITY = YES_AGGRESSIVE;
				CLANG_WARN_UNREACHABLE_CODE = YES;
				CLANG_WARN__DUPLICATE_METHOD_MATCH = YES;
				COPY_PHASE_STRIP = NO;
				DEBUG_INFORMATION_FORMAT = "dwarf-with-dsym";
				ENABLE_NS_ASSERTIONS = NO;
				ENABLE_STRICT_OBJC_MSGSEND = YES;
				GCC_C_LANGUAGE_STANDARD = gnu11;
				GCC_NO_COMMON_BLOCKS = YES;
				GCC_WARN_64_TO_32_BIT_CONVERSION = YES;
				GCC_WARN_ABOUT_RETURN_TYPE = YES_ERROR;
				GCC_WARN_UNDECLARED_SELECTOR = YES;
				GCC_WARN_UNINITIALIZED_AUTOS = YES_AGGRESSIVE;
				GCC_WARN_UNUSED_FUNCTION = YES;
				GCC_WARN_UNUSED_VARIABLE = YES;
				IPHONEOS_DEPLOYMENT_TARGET = 15.5;
				MTL_ENABLE_DEBUG_INFO = NO;
				MTL_FAST_MATH = YES;
				SDKROOT = iphoneos;
				SWIFT_COMPILATION_MODE = wholemodule;
				SWIFT_OPTIMIZATION_LEVEL = "-O";
				VALIDATE_PRODUCT = YES;
			};
			name = Release;
		};
		E26C98C228D0F70A000DBB72 /* Debug */ = {
			isa = XCBuildConfiguration;
			buildSettings = {
				ASSETCATALOG_COMPILER_APPICON_NAME = AppIcon;
				ASSETCATALOG_COMPILER_GLOBAL_ACCENT_COLOR_NAME = AccentColor;
				CODE_SIGN_STYLE = Automatic;
				CURRENT_PROJECT_VERSION = 1;
				DEVELOPMENT_TEAM = P4XWF3FX86;
				GENERATE_INFOPLIST_FILE = YES;
				INFOPLIST_FILE = Fruilt/Info.plist;
				INFOPLIST_KEY_UIApplicationSupportsIndirectInputEvents = YES;
				INFOPLIST_KEY_UILaunchStoryboardName = LaunchScreen;
				INFOPLIST_KEY_UIMainStoryboardFile = Main;
				INFOPLIST_KEY_UISupportedInterfaceOrientations_iPad = "UIInterfaceOrientationPortrait UIInterfaceOrientationPortraitUpsideDown UIInterfaceOrientationLandscapeLeft UIInterfaceOrientationLandscapeRight";
				INFOPLIST_KEY_UISupportedInterfaceOrientations_iPhone = "UIInterfaceOrientationPortrait UIInterfaceOrientationLandscapeLeft UIInterfaceOrientationLandscapeRight";
				IPHONEOS_DEPLOYMENT_TARGET = 13.5;
				LD_RUNPATH_SEARCH_PATHS = (
					"$(inherited)",
					"@executable_path/Frameworks",
				);
				MARKETING_VERSION = 1.0;
				PRODUCT_BUNDLE_IDENTIFIER = Hn.Fruilt;
				PRODUCT_NAME = "$(TARGET_NAME)";
				SWIFT_EMIT_LOC_STRINGS = YES;
				SWIFT_VERSION = 5.0;
				TARGETED_DEVICE_FAMILY = 1;
			};
			name = Debug;
		};
		E26C98C328D0F70A000DBB72 /* Release */ = {
			isa = XCBuildConfiguration;
			buildSettings = {
				ASSETCATALOG_COMPILER_APPICON_NAME = AppIcon;
				ASSETCATALOG_COMPILER_GLOBAL_ACCENT_COLOR_NAME = AccentColor;
				CODE_SIGN_STYLE = Automatic;
				CURRENT_PROJECT_VERSION = 1;
				DEVELOPMENT_TEAM = P4XWF3FX86;
				GENERATE_INFOPLIST_FILE = YES;
				INFOPLIST_FILE = Fruilt/Info.plist;
				INFOPLIST_KEY_UIApplicationSupportsIndirectInputEvents = YES;
				INFOPLIST_KEY_UILaunchStoryboardName = LaunchScreen;
				INFOPLIST_KEY_UIMainStoryboardFile = Main;
				INFOPLIST_KEY_UISupportedInterfaceOrientations_iPad = "UIInterfaceOrientationPortrait UIInterfaceOrientationPortraitUpsideDown UIInterfaceOrientationLandscapeLeft UIInterfaceOrientationLandscapeRight";
				INFOPLIST_KEY_UISupportedInterfaceOrientations_iPhone = "UIInterfaceOrientationPortrait UIInterfaceOrientationLandscapeLeft UIInterfaceOrientationLandscapeRight";
				IPHONEOS_DEPLOYMENT_TARGET = 13.5;
				LD_RUNPATH_SEARCH_PATHS = (
					"$(inherited)",
					"@executable_path/Frameworks",
				);
				MARKETING_VERSION = 1.0;
				PRODUCT_BUNDLE_IDENTIFIER = Hn.Fruilt;
				PRODUCT_NAME = "$(TARGET_NAME)";
				SWIFT_EMIT_LOC_STRINGS = YES;
				SWIFT_VERSION = 5.0;
				TARGETED_DEVICE_FAMILY = 1;
			};
			name = Release;
		};
/* End XCBuildConfiguration section */

/* Begin XCConfigurationList section */
		E26C98A828D0F702000DBB72 /* Build configuration list for PBXProject "Fruilt" */ = {
			isa = XCConfigurationList;
			buildConfigurations = (
				E26C98BF28D0F70A000DBB72 /* Debug */,
				E26C98C028D0F70A000DBB72 /* Release */,
			);
			defaultConfigurationIsVisible = 0;
			defaultConfigurationName = Release;
		};
		E26C98C128D0F70A000DBB72 /* Build configuration list for PBXNativeTarget "Fruilt" */ = {
			isa = XCConfigurationList;
			buildConfigurations = (
				E26C98C228D0F70A000DBB72 /* Debug */,
				E26C98C328D0F70A000DBB72 /* Release */,
			);
			defaultConfigurationIsVisible = 0;
			defaultConfigurationName = Release;
		};
/* End XCConfigurationList section */
	};
	rootObject = E26C98A528D0F702000DBB72 /* Project object */;
}
